# @generated - this file is auto-generated by `mise lock` https://mise.jdx.dev/dev-tools/mise-lock.html

[[tools.actionlint]]
version = "1.7.12"
backend = "aqua:rhysd/actionlint"

[tools.actionlint."platforms.linux-arm64"]
checksum = "sha256:325e971b6ba9bfa504672e29be93c24981eeb1c07576d730e9f7c8805afff0c6"
url = "https://github.com/rhysd/actionlint/releases/download/v1.7.12/actionlint_1.7.12_linux_arm64.tar.gz"
url_api = "https://api.github.com/repos/rhysd/actionlint/releases/assets/384924897"
provenance = "github-attestations"

[tools.actionlint."platforms.linux-arm64-musl"]
checksum = "sha256:325e971b6ba9bfa504672e29be93c24981eeb1c07576d730e9f7c8805afff0c6"
url = "https://github.com/rhysd/actionlint/releases/download/v1.7.12/actionlint_1.7.12_linux_arm64.tar.gz"
url_api = "https://api.github.com/repos/rhysd/actionlint/releases/assets/384924897"
provenance = "github-attestations"

[tools.actionlint."platforms.linux-x64"]
checksum = "sha256:8aca8db96f1b94770f1b0d72b6dddcb1ebb8123cb3712530b08cc387b349a3d8"
url = "https://github.com/rhysd/actionlint/releases/download/v1.7.12/actionlint_1.7.12_linux_amd64.tar.gz"
url_api = "https://api.github.com/repos/rhysd/actionlint/releases/assets/384924896"
provenance = "github-attestations"

[tools.actionlint."platforms.linux-x64-musl"]
checksum = "sha256:8aca8db96f1b94770f1b0d72b6dddcb1ebb8123cb3712530b08cc387b349a3d8"
url = "https://github.com/rhysd/actionlint/releases/download/v1.7.12/actionlint_1.7.12_linux_amd64.tar.gz"
url_api = "https://api.github.com/repos/rhysd/actionlint/releases/assets/384924896"
provenance = "github-attestations"

[tools.actionlint."platforms.macos-arm64"]
checksum = "sha256:aba9ced2dee8d27fecca3dc7feb1a7f9a52caefa1eb46f3271ea66b6e0e6953f"
url = "https://github.com/rhysd/actionlint/releases/download/v1.7.12/actionlint_1.7.12_darwin_arm64.tar.gz"
url_api = "https://api.github.com/repos/rhysd/actionlint/releases/assets/384924893"
provenance = "github-attestations"

[tools.actionlint."platforms.macos-x64"]
checksum = "sha256:5b44c3bc2255115c9b69e30efc0fecdf498fdb63c5d58e17084fd5f16324c644"
url = "https://github.com/rhysd/actionlint/releases/download/v1.7.12/actionlint_1.7.12_darwin_amd64.tar.gz"
url_api = "https://api.github.com/repos/rhysd/actionlint/releases/assets/384924880"
provenance = "github-attestations"

[tools.actionlint."platforms.windows-x64"]
checksum = "sha256:6e7241b51e6817ea6a047693d8e6fed13b31819c9a0dd6c5a726e1592d22f6e9"
url = "https://github.com/rhysd/actionlint/releases/download/v1.7.12/actionlint_1.7.12_windows_amd64.zip"
url_api = "https://api.github.com/repos/rhysd/actionlint/releases/assets/384924919"
provenance = "github-attestations"

[[tools."aqua:grafana/flint"]]
version = "0.22.10"
backend = "aqua:grafana/flint"

[tools."aqua:grafana/flint"."platforms.linux-arm64"]
checksum = "sha256:6dec82cb6486b7e645e0b1674493497191d92a8e28c5c79194e5553882d213de"
url = "https://github.com/grafana/flint/releases/download/v0.22.10/flint-aarch64-unknown-linux-gnu.tar.gz"
url_api = "https://api.github.com/repos/grafana/flint/releases/assets/491750275"
provenance = "github-attestations"

[tools."aqua:grafana/flint"."platforms.linux-arm64-musl"]
checksum = "sha256:373060c08a4cdd905d6e8e83f62ef43da8778d9133cb66b7801f392587812e8f"
url = "https://github.com/grafana/flint/releases/download/v0.22.10/flint-aarch64-unknown-linux-musl.tar.gz"
url_api = "https://api.github.com/repos/grafana/flint/releases/assets/491750193"
provenance = "github-attestations"

[tools."aqua:grafana/flint"."platforms.linux-x64"]
checksum = "sha256:a9f7f3768ec02cdd082c12cea0e815fc142d3ee721f4d8485f4ba9fc2c7d0521"
url = "https://github.com/grafana/flint/releases/download/v0.22.10/flint-x86_64-unknown-linux-gnu.tar.gz"
url_api = "https://api.github.com/repos/grafana/flint/releases/assets/491749844"
provenance = "github-attestations"

[tools."aqua:grafana/flint"."platforms.linux-x64-musl"]
checksum = "sha256:3b174b31f10b1ded2cf0a54e8b62e5526713a49816c1fd74b00073519044f7bb"
url = "https://github.com/grafana/flint/releases/download/v0.22.10/flint-x86_64-unknown-linux-musl.tar.gz"
url_api = "https://api.github.com/repos/grafana/flint/releases/assets/491750257"
provenance = "github-attestations"

[tools."aqua:grafana/flint"."platforms.macos-arm64"]
checksum = "sha256:f9aa1a95aa5953f7f5a64c0d72f86e634c4930e9cb73422a95e342c6cb9be5d5"
url = "https://github.com/grafana/flint/releases/download/v0.22.10/flint-aarch64-apple-darwin.tar.gz"
url_api = "https://api.github.com/repos/grafana/flint/releases/assets/491750245"
provenance = "github-attestations"

[tools."aqua:grafana/flint"."platforms.macos-x64"]
checksum = "sha256:b55731f1b74196afea675bdbd6ebbbd94171b4e9d31f79ecee36372bdf8818cf"
url = "https://github.com/grafana/flint/releases/download/v0.22.10/flint-x86_64-apple-darwin.tar.gz"
url_api = "https://api.github.com/repos/grafana/flint/releases/assets/491752660"
provenance = "github-attestations"

[tools."aqua:grafana/flint"."platforms.windows-x64"]
checksum = "sha256:494f16ad4d2d8eae137438832e544675d196a2887086ab8070a5a346d70650be"
url = "https://github.com/grafana/flint/releases/download/v0.22.10/flint-x86_64-pc-windows-msvc.zip"
url_api = "https://api.github.com/repos/grafana/flint/releases/assets/491751016"
provenance = "github-attestations"

[[tools."aqua:owenlamont/ryl"]]
version = "0.21.0"
backend = "aqua:owenlamont/ryl"

[tools."aqua:owenlamont/ryl"."platforms.linux-arm64"]
checksum = "sha256:134dfccd5dd7fd13092dbaf482e14e1e9c2b238ecf4306ac020b036212f85abc"
url = "https://github.com/owenlamont/ryl/releases/download/v0.21.0/ryl-aarch64-unknown-linux-musl.tar.gz"
url_api = "https://api.github.com/repos/owenlamont/ryl/releases/assets/454375977"
provenance = "github-attestations"

[tools."aqua:owenlamont/ryl"."platforms.linux-arm64-musl"]
checksum = "sha256:134dfccd5dd7fd13092dbaf482e14e1e9c2b238ecf4306ac020b036212f85abc"
url = "https://github.com/owenlamont/ryl/releases/download/v0.21.0/ryl-aarch64-unknown-linux-musl.tar.gz"
url_api = "https://api.github.com/repos/owenlamont/ryl/releases/assets/454375977"
provenance = "github-attestations"

[tools."aqua:owenlamont/ryl"."platforms.linux-x64"]
checksum = "sha256:36867148c4e7415b5f8dd24a1c4e3212e8ec016a6a16d1d1e0d16d7c2f641214"
url = "https://github.com/owenlamont/ryl/releases/download/v0.21.0/ryl-x86_64-unknown-linux-musl.tar.gz"
url_api = "https://api.github.com/repos/owenlamont/ryl/releases/assets/454375995"
provenance = "github-attestations"

[tools."aqua:owenlamont/ryl"."platforms.linux-x64-musl"]
checksum = "sha256:36867148c4e7415b5f8dd24a1c4e3212e8ec016a6a16d1d1e0d16d7c2f641214"
url = "https://github.com/owenlamont/ryl/releases/download/v0.21.0/ryl-x86_64-unknown-linux-musl.tar.gz"
url_api = "https://api.github.com/repos/owenlamont/ryl/releases/assets/454375995"
provenance = "github-attestations"

[tools."aqua:owenlamont/ryl"."platforms.macos-arm64"]
checksum = "sha256:ed5e23a5634f138aac5c2c15e72975f0f485f694582ef6874625e38460b0c3b4"
url = "https://github.com/owenlamont/ryl/releases/download/v0.21.0/ryl-aarch64-apple-darwin.tar.gz"
url_api = "https://api.github.com/repos/owenlamont/ryl/releases/assets/454375976"
provenance = "github-attestations"

[tools."aqua:owenlamont/ryl"."platforms.windows-x64"]
checksum = "sha256:7522a1fde12775ad43b74e154a6abe3affb676bb52d719ac9e7eb6980bda856d"
url = "https://github.com/owenlamont/ryl/releases/download/v0.21.0/ryl-x86_64-pc-windows-msvc.zip"
url_api = "https://api.github.com/repos/owenlamont/ryl/releases/assets/454375990"
provenance = "github-attestations"

[[tools.go]]
version = "1.26.6"
backend = "core:go"

[tools.go."platforms.linux-arm64"]
checksum = "sha256:d0507e9e9d7fe012aae570108cbd76c15de879e17130ab8cb90d4d7445cb1f2e"
url = "https://dl.google.com/go/go1.26.6.linux-arm64.tar.gz"

[tools.go."platforms.linux-arm64-musl"]
checksum = "sha256:d0507e9e9d7fe012aae570108cbd76c15de879e17130ab8cb90d4d7445cb1f2e"
url = "https://dl.google.com/go/go1.26.6.linux-arm64.tar.gz"

[tools.go."platforms.linux-x64"]
checksum = "sha256:708effb774be8237570d0add163225abbdfaf4fca28b2611df167beba4feef89"
url = "https://dl.google.com/go/go1.26.6.linux-amd64.tar.gz"

[tools.go."platforms.linux-x64-musl"]
checksum = "sha256:708effb774be8237570d0add163225abbdfaf4fca28b2611df167beba4feef89"
url = "https://dl.google.com/go/go1.26.6.linux-amd64.tar.gz"

[tools.go."platforms.macos-arm64"]
checksum = "sha256:2dc95ce4675829f2df0e86b28bcef3283635902062a5f0580ca659bf570f3204"
url = "https://dl.google.com/go/go1.26.6.darwin-arm64.tar.gz"

[tools.go."platforms.macos-x64"]
checksum = "sha256:08b65a63f244115121ced6c3b55ad38d801a7442acad5c949a17aad84ae6d684"
url = "https://dl.google.com/go/go1.26.6.darwin-amd64.tar.gz"

[tools.go."platforms.windows-x64"]
checksum = "sha256:5b6c5b556525810463b5c897b50dc7a82d6a3dc0bfaf55d990a7e9f31d6b2318"
url = "https://dl.google.com/go/go1.26.6.windows-amd64.zip"

[[tools.golangci-lint]]
version = "2.12.2"
backend = "aqua:golangci/golangci-lint"

[tools.golangci-lint."platforms.linux-arm64"]
checksum = "sha256:44cd40a8c76c86755375adfeea52cfd3533cb43d7bd647771e0ae065e166df3a"
url = "https://github.com/golangci/golangci-lint/releases/download/v2.12.2/golangci-lint-2.12.2-linux-arm64.tar.gz"
url_api = "https://api.github.com/repos/golangci/golangci-lint/releases/assets/413470996"
provenance = "github-attestations"

[tools.golangci-lint."platforms.linux-arm64-musl"]
checksum = "sha256:44cd40a8c76c86755375adfeea52cfd3533cb43d7bd647771e0ae065e166df3a"
url = "https://github.com/golangci/golangci-lint/releases/download/v2.12.2/golangci-lint-2.12.2-linux-arm64.tar.gz"
url_api = "https://api.github.com/repos/golangci/golangci-lint/releases/assets/413470996"
provenance = "github-attestations"

[tools.golangci-lint."platforms.linux-x64"]
checksum = "sha256:8df580d2670fed8fa984aac0507099af8df275e665215f5c7a2ae3943893a553"
url = "https://github.com/golangci/golangci-lint/releases/download/v2.12.2/golangci-lint-2.12.2-linux-amd64.tar.gz"
url_api = "https://api.github.com/repos/golangci/golangci-lint/releases/assets/413471054"
provenance = "github-attestations"

[tools.golangci-lint."platforms.linux-x64-musl"]
checksum = "sha256:8df580d2670fed8fa984aac0507099af8df275e665215f5c7a2ae3943893a553"
url = "https://github.com/golangci/golangci-lint/releases/download/v2.12.2/golangci-lint-2.12.2-linux-amd64.tar.gz"
url_api = "https://api.github.com/repos/golangci/golangci-lint/releases/assets/413471054"
provenance = "github-attestations"

[tools.golangci-lint."platforms.macos-arm64"]
checksum = "sha256:a9c54498731b3128f79e090be6110f3e5fffccc617b08142ed244d4126c73f29"
url = "https://github.com/golangci/golangci-lint/releases/download/v2.12.2/golangci-lint-2.12.2-darwin-arm64.tar.gz"
url_api = "https://api.github.com/repos/golangci/golangci-lint/releases/assets/413470950"
provenance = "github-attestations"

[tools.golangci-lint."platforms.macos-x64"]
checksum = "sha256:f6f06d94b6241521c53d15450c5209b028270bf966f842afb11c030c79f5bc16"
url = "https://github.com/golangci/golangci-lint/releases/download/v2.12.2/golangci-lint-2.12.2-darwin-amd64.tar.gz"
url_api = "https://api.github.com/repos/golangci/golangci-lint/releases/assets/413470980"
provenance = "github-attestations"

[tools.golangci-lint."platforms.windows-x64"]
checksum = "sha256:bd42e3ebc8cb4ececb86941983baaf1dc221bbb04d838e94ce63b49cc91e02bb"
url = "https://github.com/golangci/golangci-lint/releases/download/v2.12.2/golangci-lint-2.12.2-windows-amd64.zip"
url_api = "https://api.github.com/repos/golangci/golangci-lint/releases/assets/413471017"
provenance = "github-attestations"

[[tools.goreleaser]]
version = "2.17.1"
backend = "aqua:goreleaser/goreleaser"

[tools.goreleaser."platforms.linux-arm64"]
checksum = "sha256:702f03769ac8bcb0e47839c82243cc614ae995633599a98c63062e13ea85f829"
url = "https://github.com/goreleaser/goreleaser/releases/download/v2.17.1/goreleaser_Linux_arm64.tar.gz"
url_api = "https://api.github.com/repos/goreleaser/goreleaser/releases/assets/490565875"
provenance = "github-attestations"

[tools.goreleaser."platforms.linux-arm64-musl"]
checksum = "sha256:702f03769ac8bcb0e47839c82243cc614ae995633599a98c63062e13ea85f829"
url = "https://github.com/goreleaser/goreleaser/releases/download/v2.17.1/goreleaser_Linux_arm64.tar.gz"
url_api = "https://api.github.com/repos/goreleaser/goreleaser/releases/assets/490565875"
provenance = "github-attestations"

[tools.goreleaser."platforms.linux-x64"]
checksum = "sha256:a99bbc7ae0d8d897b07c4c497a9b62f222558804715ef219d1af05a7e417bc80"
url = "https://github.com/goreleaser/goreleaser/releases/download/v2.17.1/goreleaser_Linux_x86_64.tar.gz"
url_api = "https://api.github.com/repos/goreleaser/goreleaser/releases/assets/490565870"
provenance = "github-attestations"

[tools.goreleaser."platforms.linux-x64-musl"]
checksum = "sha256:a99bbc7ae0d8d897b07c4c497a9b62f222558804715ef219d1af05a7e417bc80"
url = "https://github.com/goreleaser/goreleaser/releases/download/v2.17.1/goreleaser_Linux_x86_64.tar.gz"
url_api = "https://api.github.com/repos/goreleaser/goreleaser/releases/assets/490565870"
provenance = "github-attestations"

[tools.goreleaser."platforms.macos-arm64"]
checksum = "sha256:f49d4fe67d283b5b5130c380c983087dca0a4d4ec15b6637b18fe1ab096780d8"
url = "https://github.com/goreleaser/goreleaser/releases/download/v2.17.1/goreleaser_Darwin_all.tar.gz"
url_api = "https://api.github.com/repos/goreleaser/goreleaser/releases/assets/490565848"
provenance = "github-attestations"

[tools.goreleaser."platforms.macos-x64"]
checksum = "sha256:f49d4fe67d283b5b5130c380c983087dca0a4d4ec15b6637b18fe1ab096780d8"
url = "https://github.com/goreleaser/goreleaser/releases/download/v2.17.1/goreleaser_Darwin_all.tar.gz"
url_api = "https://api.github.com/repos/goreleaser/goreleaser/releases/assets/490565848"
provenance = "github-attestations"

[tools.goreleaser."platforms.windows-x64"]
checksum = "sha256:53314ce7cc16c3229f2d3b98a932c1618c427964eb2170a1efafbdfa862a556f"
url = "https://github.com/goreleaser/goreleaser/releases/download/v2.17.1/goreleaser_Windows_x86_64.zip"
url_api = "https://api.github.com/repos/goreleaser/goreleaser/releases/assets/490565847"
provenance = "github-attestations"

[[tools.gotestsum]]
version = "1.13.0"
backend = "aqua:gotestyourself/gotestsum"

[tools.gotestsum."platforms.linux-arm64"]
checksum = "sha256:7644a4c5cd1bb978d56245aeab25a586ac5ac62adebed20a399548867c13499d"
url = "https://github.com/gotestyourself/gotestsum/releases/download/v1.13.0/gotestsum_1.13.0_linux_arm64.tar.gz"
url_api = "https://api.github.com/repos/gotestyourself/gotestsum/releases/assets/291996834"

[tools.gotestsum."platforms.linux-arm64-musl"]
checksum = "sha256:7644a4c5cd1bb978d56245aeab25a586ac5ac62adebed20a399548867c13499d"
url = "https://github.com/gotestyourself/gotestsum/releases/download/v1.13.0/gotestsum_1.13.0_linux_arm64.tar.gz"
url_api = "https://api.github.com/repos/gotestyourself/gotestsum/releases/assets/291996834"

[tools.gotestsum."platforms.linux-x64"]
checksum = "sha256:11ccddeaf708ef228889f9fe2f68291a75b27013ddfc3b18156e094f5f40e8ee"
url = "https://github.com/gotestyourself/gotestsum/releases/download/v1.13.0/gotestsum_1.13.0_linux_amd64.tar.gz"
url_api = "https://api.github.com/repos/gotestyourself/gotestsum/releases/assets/291996833"

[tools.gotestsum."platforms.linux-x64-musl"]
checksum = "sha256:11ccddeaf708ef228889f9fe2f68291a75b27013ddfc3b18156e094f5f40e8ee"
url = "https://github.com/gotestyourself/gotestsum/releases/download/v1.13.0/gotestsum_1.13.0_linux_amd64.tar.gz"
url_api = "https://api.github.com/repos/gotestyourself/gotestsum/releases/assets/291996833"

[tools.gotestsum."platforms.macos-arm64"]
checksum = "sha256:509cb27aef747f48faf9bce424f59dcf79572c905204b990ee935bbfcc7fa0e9"
url = "https://github.com/gotestyourself/gotestsum/releases/download/v1.13.0/gotestsum_1.13.0_darwin_arm64.tar.gz"
url_api = "https://api.github.com/repos/gotestyourself/gotestsum/releases/assets/291996838"

[tools.gotestsum."platforms.macos-x64"]
checksum = "sha256:99529350f4c7b780b1efc543ca0d9721b09f0a4228f0efa9281261f58fefa05a"
url = "https://github.com/gotestyourself/gotestsum/releases/download/v1.13.0/gotestsum_1.13.0_darwin_amd64.tar.gz"
url_api = "https://api.github.com/repos/gotestyourself/gotestsum/releases/assets/291996829"

[tools.gotestsum."platforms.windows-x64"]
checksum = "sha256:fd5a6dc69e46a0970593e70d85a7e75f16714e9c61d6d72ccc324eb82df5bb8a"
url = "https://github.com/gotestyourself/gotestsum/releases/download/v1.13.0/gotestsum_1.13.0_windows_amd64.tar.gz"
url_api = "https://api.github.com/repos/gotestyourself/gotestsum/releases/assets/291996823"

[[tools.hk]]
version = "1.55.0"
backend = "aqua:jdx/hk"

[tools.hk."platforms.linux-arm64"]
checksum = "sha256:64c44aa0f26e995f7d9c44cc9c5116e20052bcefc821daf17ce3df265bb0b2d6"
url = "https://github.com/jdx/hk/releases/download/v1.55.0/hk-aarch64-unknown-linux-gnu.tar.gz"
url_api = "https://api.github.com/repos/jdx/hk/releases/assets/510729669"

[tools.hk."platforms.linux-arm64-musl"]
checksum = "sha256:21eccba81a4b9ac73431d876d8ed5add16a01df360f6d3d576279903254599f6"
url = "https://github.com/jdx/hk/releases/download/v1.55.0/hk-aarch64-unknown-linux-musl.tar.gz"
url_api = "https://api.github.com/repos/jdx/hk/releases/assets/510729671"

[tools.hk."platforms.linux-x64"]
checksum = "sha256:efd6ed276ae8a26cc95fcb8c83051d9a3fd05e124d38170c0f057a716e9de94d"
url = "https://github.com/jdx/hk/releases/download/v1.55.0/hk-x86_64-unknown-linux-gnu.tar.gz"
url_api = "https://api.github.com/repos/jdx/hk/releases/assets/510729679"

[tools.hk."platforms.linux-x64-musl"]
checksum = "sha256:f00e04f536bec16bbc8c7cf8696f834d6ad80ddbcc1e653e3110d12ee4de2b42"
url = "https://github.com/jdx/hk/releases/download/v1.55.0/hk-x86_64-unknown-linux-musl.tar.gz"
url_api = "https://api.github.com/repos/jdx/hk/releases/assets/510729680"

[tools.hk."platforms.macos-arm64"]
checksum = "sha256:a995ff68402bcf6c16ab054e4c45db592213bcd661c9b92003d4a62f2d56d4b1"
url = "https://github.com/jdx/hk/releases/download/v1.55.0/hk-aarch64-apple-darwin.tar.gz"
url_api = "https://api.github.com/repos/jdx/hk/releases/assets/510729670"

[tools.hk."platforms.windows-x64"]
checksum = "sha256:402b3c9c5f9a5b3cb8ab6229d0f6d169b122fc3db1e39fc2fa53421a1aa24fc5"
url = "https://github.com/jdx/hk/releases/download/v1.55.0/hk-x86_64-pc-windows-msvc.zip"
url_api = "https://api.github.com/repos/jdx/hk/releases/assets/510729674"

[[tools.pkl]]
version = "0.32.1"
backend = "aqua:apple/pkl"

[tools.pkl."platforms.linux-arm64"]
checksum = "sha256:a76d2dd47da435a8f911b0347373f47c7e59ea54fb75ff846d20b8df10dba058"
url = "https://github.com/apple/pkl/releases/download/0.32.1/pkl-linux-aarch64"
url_api = "https://api.github.com/repos/apple/pkl/releases/assets/487426568"

[tools.pkl."platforms.linux-arm64-musl"]
checksum = "sha256:a76d2dd47da435a8f911b0347373f47c7e59ea54fb75ff846d20b8df10dba058"
url = "https://github.com/apple/pkl/releases/download/0.32.1/pkl-linux-aarch64"
url_api = "https://api.github.com/repos/apple/pkl/releases/assets/487426568"

[tools.pkl."platforms.linux-x64"]
checksum = "sha256:3180b62da95c0cad1d904e9bb6c5f4a8f9032413c21e53194bb91ff1ee5f3211"
url = "https://github.com/apple/pkl/releases/download/0.32.1/pkl-linux-amd64"
url_api = "https://api.github.com/repos/apple/pkl/releases/assets/487426567"

[tools.pkl."platforms.linux-x64-musl"]
checksum = "sha256:3180b62da95c0cad1d904e9bb6c5f4a8f9032413c21e53194bb91ff1ee5f3211"
url = "https://github.com/apple/pkl/releases/download/0.32.1/pkl-linux-amd64"
url_api = "https://api.github.com/repos/apple/pkl/releases/assets/487426567"

[tools.pkl."platforms.macos-arm64"]
checksum = "sha256:563eb51c9a20b16a3625464ed745c675ed9750381f2126722696a0d7cac1d9d3"
url = "https://github.com/apple/pkl/releases/download/0.32.1/pkl-macos-aarch64"
url_api = "https://api.github.com/repos/apple/pkl/releases/assets/487426570"

[tools.pkl."platforms.macos-x64"]
checksum = "sha256:5b74b903234047960144f66f2cebdd12d267d9b98e8155ed91d2ae5ed27e2d1f"
url = "https://github.com/apple/pkl/releases/download/0.32.1/pkl-macos-amd64"
url_api = "https://api.github.com/repos/apple/pkl/releases/assets/487426599"

[tools.pkl."platforms.windows-x64"]
checksum = "sha256:8550a00fcf027335e42c5e2cd553b88e98845408cb1880b3e3d1860caf46d22a"
url = "https://github.com/apple/pkl/releases/download/0.32.1/pkl-windows-amd64.exe"
url_api = "https://api.github.com/repos/apple/pkl/releases/assets/487426668"

[[tools.rumdl]]
version = "0.2.55"
backend = "aqua:rvben/rumdl"

[tools.rumdl."platforms.linux-arm64"]
checksum = "sha256:baed03dac3bf50565f4e1e461fb8162fcff58742034c6d643a1977d9025dfdb6"
url = "https://github.com/rvben/rumdl/releases/download/v0.2.55/rumdl-v0.2.55-aarch64-unknown-linux-musl.tar.gz"
url_api = "https://api.github.com/repos/rvben/rumdl/releases/assets/512169605"
provenance = "github-attestations"

[tools.rumdl."platforms.linux-arm64-musl"]
checksum = "sha256:baed03dac3bf50565f4e1e461fb8162fcff58742034c6d643a1977d9025dfdb6"
url = "https://github.com/rvben/rumdl/releases/download/v0.2.55/rumdl-v0.2.55-aarch64-unknown-linux-musl.tar.gz"
url_api = "https://api.github.com/repos/rvben/rumdl/releases/assets/512169605"
provenance = "github-attestations"

[tools.rumdl."platforms.linux-x64"]
checksum = "sha256:09c8f72cb57f1ff646d68b5ec2ef6a7b296e6d9f945093db2698c260e81d9f90"
url = "https://github.com/rvben/rumdl/releases/download/v0.2.55/rumdl-v0.2.55-x86_64-unknown-linux-musl.tar.gz"
url_api = "https://api.github.com/repos/rvben/rumdl/releases/assets/512169600"
provenance = "github-attestations"

[tools.rumdl."platforms.linux-x64-musl"]
checksum = "sha256:09c8f72cb57f1ff646d68b5ec2ef6a7b296e6d9f945093db2698c260e81d9f90"
url = "https://github.com/rvben/rumdl/releases/download/v0.2.55/rumdl-v0.2.55-x86_64-unknown-linux-musl.tar.gz"
url_api = "https://api.github.com/repos/rvben/rumdl/releases/assets/512169600"
provenance = "github-attestations"

[tools.rumdl."platforms.macos-arm64"]
checksum = "sha256:98dd5620e7eb8ba8fd77830fe1f313530ae2a6368ae867149f7de13dbebde6e3"
url = "https://github.com/rvben/rumdl/releases/download/v0.2.55/rumdl-v0.2.55-aarch64-apple-darwin.tar.gz"
url_api = "https://api.github.com/repos/rvben/rumdl/releases/assets/512169607"
provenance = "github-attestations"

[tools.rumdl."platforms.macos-x64"]
checksum = "sha256:8dadf1b9aeda17f8a41ab4fcdd2a7f7dfb6eda8981ddce3ebf61b72e3d1d3f89"
url = "https://github.com/rvben/rumdl/releases/download/v0.2.55/rumdl-v0.2.55-x86_64-apple-darwin.tar.gz"
url_api = "https://api.github.com/repos/rvben/rumdl/releases/assets/512169601"
provenance = "github-attestations"

[tools.rumdl."platforms.windows-x64"]
checksum = "sha256:47c04176f960e2d196b1e465564869363469ec00714c2970e1f441deff7f679d"
url = "https://github.com/rvben/rumdl/releases/download/v0.2.55/rumdl-v0.2.55-x86_64-pc-windows-msvc.zip"
url_api = "https://api.github.com/repos/rvben/rumdl/releases/assets/512169608"
provenance = "github-attestations"

[[tools.shellcheck]]
version = "0.11.0"
backend = "aqua:koalaman/shellcheck"

[tools.shellcheck."platforms.linux-arm64"]
checksum = "sha256:12b331c1d2db6b9eb13cfca64306b1b157a86eb69db83023e261eaa7e7c14588"
url = "https://github.com/koalaman/shellcheck/releases/download/v0.11.0/shellcheck-v0.11.0.linux.aarch64.tar.xz"
url_api = "https://api.github.com/repos/koalaman/shellcheck/releases/assets/279056934"

[tools.shellcheck."platforms.linux-arm64-musl"]
checksum = "sha256:12b331c1d2db6b9eb13cfca64306b1b157a86eb69db83023e261eaa7e7c14588"
url = "https://github.com/koalaman/shellcheck/releases/download/v0.11.0/shellcheck-v0.11.0.linux.aarch64.tar.xz"
url_api = "https://api.github.com/repos/koalaman/shellcheck/releases/assets/279056934"

[tools.shellcheck."platforms.linux-x64"]
checksum = "sha256:8c3be12b05d5c177a04c29e3c78ce89ac86f1595681cab149b65b97c4e227198"
url = "https://github.com/koalaman/shellcheck/releases/download/v0.11.0/shellcheck-v0.11.0.linux.x86_64.tar.xz"
url_api = "https://api.github.com/repos/koalaman/shellcheck/releases/assets/279056942"

[tools.shellcheck."platforms.linux-x64-musl"]
checksum = "sha256:8c3be12b05d5c177a04c29e3c78ce89ac86f1595681cab149b65b97c4e227198"
url = "https://github.com/koalaman/shellcheck/releases/download/v0.11.0/shellcheck-v0.11.0.linux.x86_64.tar.xz"
url_api = "https://api.github.com/repos/koalaman/shellcheck/releases/assets/279056942"

[tools.shellcheck."platforms.macos-arm64"]
checksum = "sha256:56affdd8de5527894dca6dc3d7e0a99a873b0f004d7aabc30ae407d3f48b0a79"
url = "https://github.com/koalaman/shellcheck/releases/download/v0.11.0/shellcheck-v0.11.0.darwin.aarch64.tar.xz"
url_api = "https://api.github.com/repos/koalaman/shellcheck/releases/assets/279056932"

[tools.shellcheck."platforms.macos-x64"]
checksum = "sha256:3c89db4edcab7cf1c27bff178882e0f6f27f7afdf54e859fa041fca10febe4c6"
url = "https://github.com/koalaman/shellcheck/releases/download/v0.11.0/shellcheck-v0.11.0.darwin.x86_64.tar.xz"
url_api = "https://api.github.com/repos/koalaman/shellcheck/releases/assets/279056930"

[tools.shellcheck."platforms.windows-x64"]
checksum = "sha256:8a4e35ab0b331c85d73567b12f2a444df187f483e5079ceffa6bda1faa2e740e"
url = "https://github.com/koalaman/shellcheck/releases/download/v0.11.0/shellcheck-v0.11.0.zip"
url_api = "https://api.github.com/repos/koalaman/shellcheck/releases/assets/279056944"

[[tools.taplo]]
version = "0.10.0"
backend = "aqua:tamasfe/taplo"

[tools.taplo."platforms.linux-arm64"]
url = "https://github.com/tamasfe/taplo/releases/download/0.10.0/taplo-linux-aarch64.gz"
url_api = "https://api.github.com/repos/tamasfe/taplo/releases/assets/257322597"

[tools.taplo."platforms.linux-arm64-musl"]
url = "https://github.com/tamasfe/taplo/releases/download/0.10.0/taplo-linux-aarch64.gz"
url_api = "https://api.github.com/repos/tamasfe/taplo/releases/assets/257322597"

[tools.taplo."platforms.linux-x64"]
url = "https://github.com/tamasfe/taplo/releases/download/0.10.0/taplo-linux-x86_64.gz"
url_api = "https://api.github.com/repos/tamasfe/taplo/releases/assets/257322600"

[tools.taplo."platforms.linux-x64-musl"]
url = "https://github.com/tamasfe/taplo/releases/download/0.10.0/taplo-linux-x86_64.gz"
url_api = "https://api.github.com/repos/tamasfe/taplo/releases/assets/257322600"

[tools.taplo."platforms.macos-arm64"]
url = "https://github.com/tamasfe/taplo/releases/download/0.10.0/taplo-darwin-aarch64.gz"
url_api = "https://api.github.com/repos/tamasfe/taplo/releases/assets/257323110"

[tools.taplo."platforms.macos-x64"]
url = "https://github.com/tamasfe/taplo/releases/download/0.10.0/taplo-darwin-x86_64.gz"
url_api = "https://api.github.com/repos/tamasfe/taplo/releases/assets/257323116"

[tools.taplo."platforms.windows-x64"]
url = "https://github.com/tamasfe/taplo/releases/download/0.10.0/taplo-windows-x86_64.zip"
url_api = "https://api.github.com/repos/tamasfe/taplo/releases/assets/257323062"

[[tools.typos]]
version = "1.49.0"
backend = "aqua:crate-ci/typos"

[tools.typos."platforms.linux-arm64"]
checksum = "sha256:85c8b87b22a0fb1da130cd4d495e0beba7f1225eb580933184509e146ec4c509"
url = "https://github.com/crate-ci/typos/releases/download/v1.49.0/typos-v1.49.0-aarch64-unknown-linux-musl.tar.gz"
url_api = "https://api.github.com/repos/crate-ci/typos/releases/assets/500258983"

[tools.typos."platforms.linux-arm64-musl"]
checksum = "sha256:85c8b87b22a0fb1da130cd4d495e0beba7f1225eb580933184509e146ec4c509"
url = "https://github.com/crate-ci/typos/releases/download/v1.49.0/typos-v1.49.0-aarch64-unknown-linux-musl.tar.gz"
url_api = "https://api.github.com/repos/crate-ci/typos/releases/assets/500258983"

[tools.typos."platforms.linux-x64"]
checksum = "sha256:48bd2d58e02ce713b8c0f1aa239e68ee4f7d8c551013135806e6aed3938d9e10"
url = "https://github.com/crate-ci/typos/releases/download/v1.49.0/typos-v1.49.0-x86_64-unknown-linux-musl.tar.gz"
url_api = "https://api.github.com/repos/crate-ci/typos/releases/assets/500261019"

[tools.typos."platforms.linux-x64-musl"]
checksum = "sha256:48bd2d58e02ce713b8c0f1aa239e68ee4f7d8c551013135806e6aed3938d9e10"
url = "https://github.com/crate-ci/typos/releases/download/v1.49.0/typos-v1.49.0-x86_64-unknown-linux-musl.tar.gz"
url_api = "https://api.github.com/repos/crate-ci/typos/releases/assets/500261019"

[tools.typos."platforms.macos-arm64"]
checksum = "sha256:8c0e7bd40b2b60c0b0cfe9f74dd814b4d4385c956ce86860f7da9e62d91fdc73"
url = "https://github.com/crate-ci/typos/releases/download/v1.49.0/typos-v1.49.0-aarch64-apple-darwin.tar.gz"
url_api = "https://api.github.com/repos/crate-ci/typos/releases/assets/500262463"

[tools.typos."platforms.macos-x64"]
checksum = "sha256:4cecbf653a9fc45f023abf57f4e2e2f6b138c2d2387b09289beacdd3f0ea7bfd"
url = "https://github.com/crate-ci/typos/releases/download/v1.49.0/typos-v1.49.0-x86_64-apple-darwin.tar.gz"
url_api = "https://api.github.com/repos/crate-ci/typos/releases/assets/500259181"

[tools.typos."platforms.windows-x64"]
checksum = "sha256:06d3a1b71c282e021671070696a72696d5c60ea485b47dc4f8f1fbcf90144d02"
url = "https://github.com/crate-ci/typos/releases/download/v1.49.0/typos-v1.49.0-x86_64-pc-windows-msvc.zip"
url_api = "https://api.github.com/repos/crate-ci/typos/releases/assets/500264256"
